
Microsoft Visual Studio Solution File, Format Version 12.00
# Visual Studio Version 17
VisualStudioVersion = 17.5.33627.172
MinimumVisualStudioVersion = 10.0.40219.1
Project("{FAE04EC0-301F-11D3-BF4B-00C04F79EFBC}") = "PairGameGraphics", "PairGameGraphics\PairGameGraphics.csproj", "{EDCF8AC5-B000-4D61-8A57-EA7A2D1C811D}"
EndProject
Project("{FAE04EC0-301F-11D3-BF4B-00C04F79EFBC}") = "PairGameLibraryNET", "PairGameLibraryNET\PairGameLibraryNET.csproj", "{5C7E9B13-D3E4-4C12-9753-62F5FC0A3838}"
EndProject
Global
	GlobalSection(SolutionConfigurationPlatforms) = preSolution
		Debug|Any CPU = Debug|Any CPU
		Release|Any CPU = Release|Any CPU
	EndGlobalSection
	GlobalSection(ProjectConfigurationPlatforms) = postSolution
		{EDCF8AC5-B000-4D61-8A57-EA7A2D1C811D}.Debug|Any CPU.ActiveCfg = Debug|Any CPU
		{EDCF8AC5-B000-4D61-8A57-EA7A2D1C811D}.Debug|Any CPU.Build.0 = Debug|Any CPU
		{EDCF8AC5-B000-4D61-8A57-EA7A2D1C811D}.Release|Any CPU.ActiveCfg = Release|Any CPU
		{EDCF8AC5-B000-4D61-8A57-EA7A2D1C811D}.Release|Any CPU.Build.0 = Release|Any CPU
		{5C7E9B13-D3E4-4C12-9753-62F5FC0A3838}.Debug|Any CPU.ActiveCfg = Debug|Any CPU
		{5C7E9B13-D3E4-4C12-9753-62F5FC0A3838}.Debug|Any CPU.Build.0 = Debug|Any CPU
		{5C7E9B13-D3E4-4C12-9753-62F5FC0A3838}.Release|Any CPU.ActiveCfg = Release|Any CPU
		{5C7E9B13-D3E4-4C12-9753-62F5FC0A3838}.Release|Any CPU.Build.0 = Release|Any CPU
	EndGlobalSection
	GlobalSection(SolutionProperties) = preSolution
		HideSolutionNode = FALSE
	EndGlobalSection
	GlobalSection(ExtensibilityGlobals) = postSolution
		SolutionGuid = {8F7AD233-E3EC-49F4-91D7-4AF9F22041DE}
	EndGlobalSection
EndGlobal
